// !$*UTF8*$!
{
	archiveVersion = 1;
	classes = {
	};
	objectVersion = 55;
	objects = {

/* Begin PBXBuildFile section */
		95441F662950B26F00F0EE1C /* SunView.swift in Sources */ = {isa = PBXBuildFile; fileRef = 95441F652950B26F00F0EE1C /* SunView.swift */; };
		95441F682950B33300F0EE1C /* WindView.swift in Sources */ = {isa = PBXBuildFile; fileRef = 95441F672950B33300F0EE1C /* WindView.swift */; };
		95441F6A2950B36A00F0EE1C /* TempView.swift in Sources */ = {isa = PBXBuildFile; fileRef = 95441F692950B36A00F0EE1C /* TempView.swift */; };
		9552DC25295E383F000AF830 /* LoadingView.swift in Sources */ = {isa = PBXBuildFile; fileRef = 9552DC24295E383F000AF830 /* LoadingView.swift */; };
		955741592951D1BC006CED99 /* ErrorData.json in Resources */ = {isa = PBXBuildFile; fileRef = 955741582951D1BC006CED99 /* ErrorData.json */; };
		95B7F802294F0D84006DF4FE /* WeatherAppApp.swift in Sources */ = {isa = PBXBuildFile; fileRef = 95B7F801294F0D84006DF4FE /* WeatherAppApp.swift */; };
		95B7F804294F0D84006DF4FE /* ContentView.swift in Sources */ = {isa = PBXBuildFile; fileRef = 95B7F803294F0D84006DF4FE /* ContentView.swift */; };
		95B7F806294F0D87006DF4FE /* Assets.xcassets in Resources */ = {isa = PBXBuildFile; fileRef = 95B7F805294F0D87006DF4FE /* Assets.xcassets */; };
		95B7F809294F0D87006DF4FE /* Preview Assets.xcassets in Resources */ = {isa = PBXBuildFile; fileRef = 95B7F808294F0D87006DF4FE /* Preview Assets.xcassets */; };
		95B7F810294F57AD006DF4FE /* WeatherView.swift in Sources */ = {isa = PBXBuildFile; fileRef = 95B7F80F294F57AD006DF4FE /* WeatherView.swift */; };
		95B7F813294F580F006DF4FE /* StatsView.swift in Sources */ = {isa = PBXBuildFile; fileRef = 95B7F812294F580F006DF4FE /* StatsView.swift */; };
		95B7F823295095D5006DF4FE /* LocationManager.swift in Sources */ = {isa = PBXBuildFile; fileRef = 95B7F822295095D5006DF4FE /* LocationManager.swift */; };
		95B7F82529509A19006DF4FE /* WeatherManager.swift in Sources */ = {isa = PBXBuildFile; fileRef = 95B7F82429509A19006DF4FE /* WeatherManager.swift */; };
		95B7F8272950A052006DF4FE /* ModelData.swift in Sources */ = {isa = PBXBuildFile; fileRef = 95B7F8262950A052006DF4FE /* ModelData.swift */; };
		95B7F8292950A06A006DF4FE /* WeatherData.json in Resources */ = {isa = PBXBuildFile; fileRef = 95B7F8282950A06A006DF4FE /* WeatherData.json */; };
		95B7F82B2950A1EB006DF4FE /* Extensions.swift in Sources */ = {isa = PBXBuildFile; fileRef = 95B7F82A2950A1EB006DF4FE /* Extensions.swift */; };
		FA3934E62C93D8A3002DABE2 /* WeatherPageView.swift in Sources */ = {isa = PBXBuildFile; fileRef = FA3934E52C93D8A3002DABE2 /* WeatherPageView.swift */; };
		FA3934E82C93DA12002DABE2 /* ForecastPageView.swift in Sources */ = {isa = PBXBuildFile; fileRef = FA3934E72C93DA12002DABE2 /* ForecastPageView.swift */; };
		FA3934EE2C93DC22002DABE2 /* ForecastData.json in Resources */ = {isa = PBXBuildFile; fileRef = FA3934ED2C93DC22002DABE2 /* ForecastData.json */; };
		FA3934F02C93DC4B002DABE2 /* ErrorForecast.json in Resources */ = {isa = PBXBuildFile; fileRef = FA3934EF2C93DC4B002DABE2 /* ErrorForecast.json */; };
		FA3934F22C93E07C002DABE2 /* ForecastItem.swift in Sources */ = {isa = PBXBuildFile; fileRef = FA3934F12C93E07C002DABE2 /* ForecastItem.swift */; };
		FA3934FA2C9613B7002DABE2 /* WeatherNowView.swift in Sources */ = {isa = PBXBuildFile; fileRef = FA3934F92C9613B7002DABE2 /* WeatherNowView.swift */; };
		FA3A8B3D2CA8A91C003E408A /* WeatherEntry.swift in Sources */ = {isa = PBXBuildFile; fileRef = FA3A8B3C2CA8A91C003E408A /* WeatherEntry.swift */; };
		FA3A8B3E2CA8A91C003E408A /* WeatherEntry.swift in Sources */ = {isa = PBXBuildFile; fileRef = FA3A8B3C2CA8A91C003E408A /* WeatherEntry.swift */; };
		FA9BA5D12C9E932200DB9A1F /* WidgetKit.framework in Frameworks */ = {isa = PBXBuildFile; fileRef = FA9BA5D02C9E932100DB9A1F /* WidgetKit.framework */; };
		FA9BA5D32C9E932200DB9A1F /* SwiftUI.framework in Frameworks */ = {isa = PBXBuildFile; fileRef = FA9BA5D22C9E932200DB9A1F /* SwiftUI.framework */; };
		FA9BA5D62C9E932200DB9A1F /* WeatherWidgetBundle.swift in Sources */ = {isa = PBXBuildFile; fileRef = FA9BA5D52C9E932200DB9A1F /* WeatherWidgetBundle.swift */; };
		FA9BA5D82C9E932200DB9A1F /* WeatherWidgetLiveActivity.swift in Sources */ = {isa = PBXBuildFile; fileRef = FA9BA5D72C9E932200DB9A1F /* WeatherWidgetLiveActivity.swift */; };
		FA9BA5DA2C9E932200DB9A1F /* WeatherWidget.swift in Sources */ = {isa = PBXBuildFile; fileRef = FA9BA5D92C9E932200DB9A1F /* WeatherWidget.swift */; };
		FA9BA5DC2C9E932200DB9A1F /* AppIntent.swift in Sources */ = {isa = PBXBuildFile; fileRef = FA9BA5DB2C9E932200DB9A1F /* AppIntent.swift */; };
		FA9BA5DE2C9E932300DB9A1F /* Assets.xcassets in Resources */ = {isa = PBXBuildFile; fileRef = FA9BA5DD2C9E932300DB9A1F /* Assets.xcassets */; };
		FA9BA5E22C9E932300DB9A1F /* WeatherWidgetExtension.appex in Embed Foundation Extensions */ = {isa = PBXBuildFile; fileRef = FA9BA5CE2C9E932100DB9A1F /* WeatherWidgetExtension.appex */; settings = {ATTRIBUTES = (RemoveHeadersOnCopy, ); }; };
/* End PBXBuildFile section */

/* Begin PBXContainerItemProxy section */
		FA9BA5E02C9E932300DB9A1F /* PBXContainerItemProxy */ = {
			isa = PBXContainerItemProxy;
			containerPortal = 95B7F7F6294F0D84006DF4FE /* Project object */;
			proxyType = 1;
			remoteGlobalIDString = FA9BA5CD2C9E932100DB9A1F;
			remoteInfo = WeatherWidgetExtension;
		};
/* End PBXContainerItemProxy section */

/* Begin PBXCopyFilesBuildPhase section */
		FA9BA5E62C9E932300DB9A1F /* Embed Foundation Extensions */ = {
			isa = PBXCopyFilesBuildPhase;
			buildActionMask = 2147483647;
			dstPath = "";
			dstSubfolderSpec = 13;
			files = (
				FA9BA5E22C9E932300DB9A1F /* WeatherWidgetExtension.appex in Embed Foundation Extensions */,
			);
			name = "Embed Foundation Extensions";
			runOnlyForDeploymentPostprocessing = 0;
		};
/* End PBXCopyFilesBuildPhase section */

/* Begin PBXFileReference section */
		95441F652950B26F00F0EE1C /* SunView.swift */ = {isa = PBXFileReference; lastKnownFileType = sourcecode.swift; path = SunView.swift; sourceTree = "<group>"; };
		95441F672950B33300F0EE1C /* WindView.swift */ = {isa = PBXFileReference; lastKnownFileType = sourcecode.swift; path = WindView.swift; sourceTree = "<group>"; };
		95441F692950B36A00F0EE1C /* TempView.swift */ = {isa = PBXFileReference; lastKnownFileType = sourcecode.swift; path = TempView.swift; sourceTree = "<group>"; };
		9552DC24295E383F000AF830 /* LoadingView.swift */ = {isa = PBXFileReference; lastKnownFileType = sourcecode.swift; path = LoadingView.swift; sourceTree = "<group>"; };
		955741582951D1BC006CED99 /* ErrorData.json */ = {isa = PBXFileReference; lastKnownFileType = text.json; path = ErrorData.json; sourceTree = "<group>"; };
		95B7F7FE294F0D84006DF4FE /* WeatherApp.app */ = {isa = PBXFileReference; explicitFileType = wrapper.application; includeInIndex = 0; path = WeatherApp.app; sourceTree = BUILT_PRODUCTS_DIR; };
		95B7F801294F0D84006DF4FE /* WeatherAppApp.swift */ = {isa = PBXFileReference; lastKnownFileType = sourcecode.swift; path = WeatherAppApp.swift; sourceTree = "<group>"; };
		95B7F803294F0D84006DF4FE /* ContentView.swift */ = {isa = PBXFileReference; lastKnownFileType = sourcecode.swift; path = ContentView.swift; sourceTree = "<group>"; };
		95B7F805294F0D87006DF4FE /* Assets.xcassets */ = {isa = PBXFileReference; lastKnownFileType = folder.assetcatalog; path = Assets.xcassets; sourceTree = "<group>"; };
		95B7F808294F0D87006DF4FE /* Preview Assets.xcassets */ = {isa = PBXFileReference; lastKnownFileType = folder.assetcatalog; path = "Preview Assets.xcassets"; sourceTree = "<group>"; };
		95B7F80F294F57AD006DF4FE /* WeatherView.swift */ = {isa = PBXFileReference; lastKnownFileType = sourcecode.swift; path = WeatherView.swift; sourceTree = "<group>"; };
		95B7F812294F580F006DF4FE /* StatsView.swift */ = {isa = PBXFileReference; lastKnownFileType = sourcecode.swift; path = StatsView.swift; sourceTree = "<group>"; };
		95B7F822295095D5006DF4FE /* LocationManager.swift */ = {isa = PBXFileReference; lastKnownFileType = sourcecode.swift; path = LocationManager.swift; sourceTree = "<group>"; };
		95B7F82429509A19006DF4FE /* WeatherManager.swift */ = {isa = PBXFileReference; lastKnownFileType = sourcecode.swift; path = WeatherManager.swift; sourceTree = "<group>"; };
		95B7F8262950A052006DF4FE /* ModelData.swift */ = {isa = PBXFileReference; lastKnownFileType = sourcecode.swift; path = ModelData.swift; sourceTree = "<group>"; };
		95B7F8282950A06A006DF4FE /* WeatherData.json */ = {isa = PBXFileReference; lastKnownFileType = text.json; path = WeatherData.json; sourceTree = "<group>"; };
		95B7F82A2950A1EB006DF4FE /* Extensions.swift */ = {isa = PBXFileReference; lastKnownFileType = sourcecode.swift; path = Extensions.swift; sourceTree = "<group>"; };
		FA3934E52C93D8A3002DABE2 /* WeatherPageView.swift */ = {isa = PBXFileReference; lastKnownFileType = sourcecode.swift; path = WeatherPageView.swift; sourceTree = "<group>"; };
		FA3934E72C93DA12002DABE2 /* ForecastPageView.swift */ = {isa = PBXFileReference; lastKnownFileType = sourcecode.swift; path = ForecastPageView.swift; sourceTree = "<group>"; };
		FA3934ED2C93DC22002DABE2 /* ForecastData.json */ = {isa = PBXFileReference; fileEncoding = 4; lastKnownFileType = text.json; path = ForecastData.json; sourceTree = "<group>"; };
		FA3934EF2C93DC4B002DABE2 /* ErrorForecast.json */ = {isa = PBXFileReference; fileEncoding = 4; lastKnownFileType = text.json; path = ErrorForecast.json; sourceTree = "<group>"; };
		FA3934F12C93E07C002DABE2 /* ForecastItem.swift */ = {isa = PBXFileReference; lastKnownFileType = sourcecode.swift; path = ForecastItem.swift; sourceTree = "<group>"; };
		FA3934F92C9613B7002DABE2 /* WeatherNowView.swift */ = {isa = PBXFileReference; lastKnownFileType = sourcecode.swift; path = WeatherNowView.swift; sourceTree = "<group>"; };
		FA3A8B3C2CA8A91C003E408A /* WeatherEntry.swift */ = {isa = PBXFileReference; lastKnownFileType = sourcecode.swift; path = WeatherEntry.swift; sourceTree = "<group>"; };
		FA9BA5CE2C9E932100DB9A1F /* WeatherWidgetExtension.appex */ = {isa = PBXFileReference; explicitFileType = "wrapper.app-extension"; includeInIndex = 0; path = WeatherWidgetExtension.appex; sourceTree = BUILT_PRODUCTS_DIR; };
		FA9BA5D02C9E932100DB9A1F /* WidgetKit.framework */ = {isa = PBXFileReference; lastKnownFileType = wrapper.framework; name = WidgetKit.framework; path = System/Library/Frameworks/WidgetKit.framework; sourceTree = SDKROOT; };
		FA9BA5D22C9E932200DB9A1F /* SwiftUI.framework */ = {isa = PBXFileReference; lastKnownFileType = wrapper.framework; name = SwiftUI.framework; path = System/Library/Frameworks/SwiftUI.framework; sourceTree = SDKROOT; };
		FA9BA5D52C9E932200DB9A1F /* WeatherWidgetBundle.swift */ = {isa = PBXFileReference; lastKnownFileType = sourcecode.swift; path = WeatherWidgetBundle.swift; sourceTree = "<group>"; };
		FA9BA5D72C9E932200DB9A1F /* WeatherWidgetLiveActivity.swift */ = {isa = PBXFileReference; lastKnownFileType = sourcecode.swift; path = WeatherWidgetLiveActivity.swift; sourceTree = "<group>"; };
		FA9BA5D92C9E932200DB9A1F /* WeatherWidget.swift */ = {isa = PBXFileReference; lastKnownFileType = sourcecode.swift; path = WeatherWidget.swift; sourceTree = "<group>"; };
		FA9BA5DB2C9E932200DB9A1F /* AppIntent.swift */ = {isa = PBXFileReference; lastKnownFileType = sourcecode.swift; path = AppIntent.swift; sourceTree = "<group>"; };
		FA9BA5DD2C9E932300DB9A1F /* Assets.xcassets */ = {isa = PBXFileReference; lastKnownFileType = folder.assetcatalog; path = Assets.xcassets; sourceTree = "<group>"; };
		FA9BA5DF2C9E932300DB9A1F /* Info.plist */ = {isa = PBXFileReference; lastKnownFileType = text.plist.xml; path = Info.plist; sourceTree = "<group>"; };
/* End PBXFileReference section */

/* Begin PBXFrameworksBuildPhase section */
		95B7F7FB294F0D84006DF4FE /* Frameworks */ = {
			isa = PBXFrameworksBuildPhase;
			buildActionMask = 2147483647;
			files = (
			);
			runOnlyForDeploymentPostprocessing = 0;
		};
		FA9BA5CB2C9E932100DB9A1F /* Frameworks */ = {
			isa = PBXFrameworksBuildPhase;
			buildActionMask = 2147483647;
			files = (
				FA9BA5D32C9E932200DB9A1F /* SwiftUI.framework in Frameworks */,
				FA9BA5D12C9E932200DB9A1F /* WidgetKit.framework in Frameworks */,
			);
			runOnlyForDeploymentPostprocessing = 0;
		};
/* End PBXFrameworksBuildPhase section */

/* Begin PBXGroup section */
		95B7F7F5294F0D84006DF4FE = {
			isa = PBXGroup;
			children = (
				95B7F800294F0D84006DF4FE /* WeatherApp */,
				FA9BA5D42C9E932200DB9A1F /* WeatherWidget */,
				FA9BA5CF2C9E932100DB9A1F /* Frameworks */,
				95B7F7FF294F0D84006DF4FE /* Products */,
			);
			sourceTree = "<group>";
		};
		95B7F7FF294F0D84006DF4FE /* Products */ = {
			isa = PBXGroup;
			children = (
				95B7F7FE294F0D84006DF4FE /* WeatherApp.app */,
				FA9BA5CE2C9E932100DB9A1F /* WeatherWidgetExtension.appex */,
			);
			name = Products;
			sourceTree = "<group>";
		};
		95B7F800294F0D84006DF4FE /* WeatherApp */ = {
			isa = PBXGroup;
			children = (
				95B7F821295095BF006DF4FE /* Managers */,
				95B7F801294F0D84006DF4FE /* WeatherAppApp.swift */,
				95B7F811294F57B4006DF4FE /* View */,
				95B7F82A2950A1EB006DF4FE /* Extensions.swift */,
				95B7F805294F0D87006DF4FE /* Assets.xcassets */,
				95B7F807294F0D87006DF4FE /* Preview Content */,
			);
			path = WeatherApp;
			sourceTree = "<group>";
		};
		95B7F807294F0D87006DF4FE /* Preview Content */ = {
			isa = PBXGroup;
			children = (
				95B7F808294F0D87006DF4FE /* Preview Assets.xcassets */,
				95B7F8262950A052006DF4FE /* ModelData.swift */,
				95B7F8282950A06A006DF4FE /* WeatherData.json */,
				955741582951D1BC006CED99 /* ErrorData.json */,
				FA3934ED2C93DC22002DABE2 /* ForecastData.json */,
				FA3934EF2C93DC4B002DABE2 /* ErrorForecast.json */,
			);
			path = "Preview Content";
			sourceTree = "<group>";
		};
		95B7F811294F57B4006DF4FE /* View */ = {
			isa = PBXGroup;
			children = (
				95B7F803294F0D84006DF4FE /* ContentView.swift */,
				FA3934E52C93D8A3002DABE2 /* WeatherPageView.swift */,
				FA3934E72C93DA12002DABE2 /* ForecastPageView.swift */,
				FA3934F12C93E07C002DABE2 /* ForecastItem.swift */,
				9552DC24295E383F000AF830 /* LoadingView.swift */,
				95B7F80F294F57AD006DF4FE /* WeatherView.swift */,
				FA3934F92C9613B7002DABE2 /* WeatherNowView.swift */,
				95B7F812294F580F006DF4FE /* StatsView.swift */,
				95441F692950B36A00F0EE1C /* TempView.swift */,
				95441F672950B33300F0EE1C /* WindView.swift */,
				95441F652950B26F00F0EE1C /* SunView.swift */,
			);
			path = View;
			sourceTree = "<group>";
		};
		95B7F821295095BF006DF4FE /* Managers */ = {
			isa = PBXGroup;
			children = (
				95B7F822295095D5006DF4FE /* LocationManager.swift */,
				95B7F82429509A19006DF4FE /* WeatherManager.swift */,
			);
			path = Managers;
			sourceTree = "<group>";
		};
		FA9BA5CF2C9E932100DB9A1F /* Frameworks */ = {
			isa = PBXGroup;
			children = (
				FA9BA5D02C9E932100DB9A1F /* WidgetKit.framework */,
				FA9BA5D22C9E932200DB9A1F /* SwiftUI.framework */,
			);
			name = Frameworks;
			sourceTree = "<group>";
		};
		FA9BA5D42C9E932200DB9A1F /* WeatherWidget */ = {
			isa = PBXGroup;
			children = (
				FA9BA5D52C9E932200DB9A1F /* WeatherWidgetBundle.swift */,
				FA9BA5D72C9E932200DB9A1F /* WeatherWidgetLiveActivity.swift */,
				FA9BA5D92C9E932200DB9A1F /* WeatherWidget.swift */,
				FA3A8B3C2CA8A91C003E408A /* WeatherEntry.swift */,
				FA9BA5DB2C9E932200DB9A1F /* AppIntent.swift */,
				FA9BA5DD2C9E932300DB9A1F /* Assets.xcassets */,
				FA9BA5DF2C9E932300DB9A1F /* Info.plist */,
			);
			path = WeatherWidget;
			sourceTree = "<group>";
		};
/* End PBXGroup section */

/* Begin PBXNativeTarget section */
		95B7F7FD294F0D84006DF4FE /* WeatherApp */ = {
			isa = PBXNativeTarget;
			buildConfigurationList = 95B7F80C294F0D87006DF4FE /* Build configuration list for PBXNativeTarget "WeatherApp" */;
			buildPhases = (
				95B7F7FA294F0D84006DF4FE /* Sources */,
				95B7F7FB294F0D84006DF4FE /* Frameworks */,
				95B7F7FC294F0D84006DF4FE /* Resources */,
				FA9BA5E62C9E932300DB9A1F /* Embed Foundation Extensions */,
			);
			buildRules = (
			);
			dependencies = (
				FA9BA5E12C9E932300DB9A1F /* PBXTargetDependency */,
			);
			name = WeatherApp;
			productName = WeatherApp;
			productReference = 95B7F7FE294F0D84006DF4FE /* WeatherApp.app */;
			productType = "com.apple.product-type.application";
		};
		FA9BA5CD2C9E932100DB9A1F /* WeatherWidgetExtension */ = {
			isa = PBXNativeTarget;
			buildConfigurationList = FA9BA5E32C9E932300DB9A1F /* Build configuration list for PBXNativeTarget "WeatherWidgetExtension" */;
			buildPhases = (
				FA9BA5CA2C9E932100DB9A1F /* Sources */,
				FA9BA5CB2C9E932100DB9A1F /* Frameworks */,
				FA9BA5CC2C9E932100DB9A1F /* Resources */,
			);
			buildRules = (
			);
			dependencies = (
			);
			name = WeatherWidgetExtension;
			productName = WeatherWidgetExtension;
			productReference = FA9BA5CE2C9E932100DB9A1F /* WeatherWidgetExtension.appex */;
			productType = "com.apple.product-type.app-extension";
		};
/* End PBXNativeTarget section */

/* Begin PBXProject section */
		95B7F7F6294F0D84006DF4FE /* Project object */ = {
			isa = PBXProject;
			attributes = {
				BuildIndependentTargetsInParallel = 1;
				LastSwiftUpdateCheck = 1540;
				LastUpgradeCheck = 1340;
				TargetAttributes = {
					95B7F7FD294F0D84006DF4FE = {
						CreatedOnToolsVersion = 13.4.1;
					};
					FA9BA5CD2C9E932100DB9A1F = {
						CreatedOnToolsVersion = 15.4;
					};
				};
			};
			buildConfigurationList = 95B7F7F9294F0D84006DF4FE /* Build configuration list for PBXProject "WeatherApp" */;
			compatibilityVersion = "Xcode 13.0";
			developmentRegion = en;
			hasScannedForEncodings = 0;
			knownRegions = (
				en,
				Base,
			);
			mainGroup = 95B7F7F5294F0D84006DF4FE;
			productRefGroup = 95B7F7FF294F0D84006DF4FE /* Products */;
			projectDirPath = "";
			projectRoot = "";
			targets = (
				95B7F7FD294F0D84006DF4FE /* WeatherApp */,
				FA9BA5CD2C9E932100DB9A1F /* WeatherWidgetExtension */,
			);
		};
/* End PBXProject section */

/* Begin PBXResourcesBuildPhase section */
		95B7F7FC294F0D84006DF4FE /* Resources */ = {
			isa = PBXResourcesBuildPhase;
			buildActionMask = 2147483647;
			files = (
				95B7F8292950A06A006DF4FE /* WeatherData.json in Resources */,
				FA3934F02C93DC4B002DABE2 /* ErrorForecast.json in Resources */,
				95B7F809294F0D87006DF4FE /* Preview Assets.xcassets in Resources */,
				FA3934EE2C93DC22002DABE2 /* ForecastData.json in Resources */,
				955741592951D1BC006CED99 /* ErrorData.json in Resources */,
				95B7F806294F0D87006DF4FE /* Assets.xcassets in Resources */,
			);
			runOnlyForDeploymentPostprocessing = 0;
		};
		FA9BA5CC2C9E932100DB9A1F /* Resources */ = {
			isa = PBXResourcesBuildPhase;
			buildActionMask = 2147483647;
			files = (
				FA9BA5DE2C9E932300DB9A1F /* Assets.xcassets in Resources */,
			);
			runOnlyForDeploymentPostprocessing = 0;
		};
/* End PBXResourcesBuildPhase section */

/* Begin PBXSourcesBuildPhase section */
		95B7F7FA294F0D84006DF4FE /* Sources */ = {
			isa = PBXSourcesBuildPhase;
			buildActionMask = 2147483647;
			files = (
				95B7F82B2950A1EB006DF4FE /* Extensions.swift in Sources */,
				95B7F813294F580F006DF4FE /* StatsView.swift in Sources */,
				95441F662950B26F00F0EE1C /* SunView.swift in Sources */,
				95B7F823295095D5006DF4FE /* LocationManager.swift in Sources */,
				FA3934E62C93D8A3002DABE2 /* WeatherPageView.swift in Sources */,
				FA3A8B3E2CA8A91C003E408A /* WeatherEntry.swift in Sources */,
				95B7F82529509A19006DF4FE /* WeatherManager.swift in Sources */,
				9552DC25295E383F000AF830 /* LoadingView.swift in Sources */,
				95441F6A2950B36A00F0EE1C /* TempView.swift in Sources */,
				95B7F810294F57AD006DF4FE /* WeatherView.swift in Sources */,
				95B7F8272950A052006DF4FE /* ModelData.swift in Sources */,
				FA3934F22C93E07C002DABE2 /* ForecastItem.swift in Sources */,
				95441F682950B33300F0EE1C /* WindView.swift in Sources */,
				95B7F804294F0D84006DF4FE /* ContentView.swift in Sources */,
				FA3934E82C93DA12002DABE2 /* ForecastPageView.swift in Sources */,
				FA3934FA2C9613B7002DABE2 /* WeatherNowView.swift in Sources */,
				95B7F802294F0D84006DF4FE /* WeatherAppApp.swift in Sources */,
			);
			runOnlyForDeploymentPostprocessing = 0;
		};
		FA9BA5CA2C9E932100DB9A1F /* Sources */ = {
			isa = PBXSourcesBuildPhase;
			buildActionMask = 2147483647;
			files = (
				FA9BA5D62C9E932200DB9A1F /* WeatherWidgetBundle.swift in Sources */,
				FA9BA5DC2C9E932200DB9A1F /* AppIntent.swift in Sources */,
				FA9BA5D82C9E932200DB9A1F /* WeatherWidgetLiveActivity.swift in Sources */,
				FA9BA5DA2C9E932200DB9A1F /* WeatherWidget.swift in Sources */,
				FA3A8B3D2CA8A91C003E408A /* WeatherEntry.swift in Sources */,
			);
			runOnlyForDeploymentPostprocessing = 0;
		};
/* End PBXSourcesBuildPhase section */

/* Begin PBXTargetDependency section */
		FA9BA5E12C9E932300DB9A1F /* PBXTargetDependency */ = {
			isa = PBXTargetDependency;
			target = FA9BA5CD2C9E932100DB9A1F /* WeatherWidgetExtension */;
			targetProxy = FA9BA5E02C9E932300DB9A1F /* PBXContainerItemProxy */;
		};
/* End PBXTargetDependency section */

/* Begin XCBuildConfiguration section */
		95B7F80A294F0D87006DF4FE /* Debug */ = {
			isa = XCBuildConfiguration;
			buildSettings = {
				ALWAYS_SEARCH_USER_PATHS = NO;
				CLANG_ANALYZER_NONNULL = YES;
				CLANG_ANALYZER_NUMBER_OBJECT_CONVERSION = YES_AGGRESSIVE;
				CLANG_CXX_LANGUAGE_STANDARD = "gnu++17";
				CLANG_ENABLE_MODULES = YES;
				CLANG_ENABLE_OBJC_ARC = YES;
				CLANG_ENABLE_OBJC_WEAK = YES;
				CLANG_WARN_BLOCK_CAPTURE_AUTORELEASING = YES;
				CLANG_WARN_BOOL_CONVERSION = YES;
				CLANG_WARN_COMMA = YES;
				CLANG_WARN_CONSTANT_CONVERSION = YES;
				CLANG_WARN_DEPRECATED_OBJC_IMPLEMENTATIONS = YES;
				CLANG_WARN_DIRECT_OBJC_ISA_USAGE = YES_ERROR;
				CLANG_WARN_DOCUMENTATION_COMMENTS = YES;
				CLANG_WARN_EMPTY_BODY = YES;
				CLANG_WARN_ENUM_CONVERSION = YES;
				CLANG_WARN_INFINITE_RECURSION = YES;
				CLANG_WARN_INT_CONVERSION = YES;
				CLANG_WARN_NON_LITERAL_NULL_CONVERSION = YES;
				CLANG_WARN_OBJC_IMPLICIT_RETAIN_SELF = YES;
				CLANG_WARN_OBJC_LITERAL_CONVERSION = YES;
				CLANG_WARN_OBJC_ROOT_CLASS = YES_ERROR;
				CLANG_WARN_QUOTED_INCLUDE_IN_FRAMEWORK_HEADER = YES;
				CLANG_WARN_RANGE_LOOP_ANALYSIS = YES;
				CLANG_WARN_STRICT_PROTOTYPES = YES;
				CLANG_WARN_SUSPICIOUS_MOVE = YES;
				CLANG_WARN_UNGUARDED_AVAILABILITY = YES_AGGRESSIVE;
				CLANG_WARN_UNREACHABLE_CODE = YES;
				CLANG_WARN__DUPLICATE_METHOD_MATCH = YES;
				COPY_PHASE_STRIP = NO;
				DEBUG_INFORMATION_FORMAT = dwarf;
				ENABLE_STRICT_OBJC_MSGSEND = YES;
				ENABLE_TESTABILITY = YES;
				GCC_C_LANGUAGE_STANDARD = gnu11;
				GCC_DYNAMIC_NO_PIC = NO;
				GCC_NO_COMMON_BLOCKS = YES;
				GCC_OPTIMIZATION_LEVEL = 0;
				GCC_PREPROCESSOR_DEFINITIONS = (
					"DEBUG=1",
					"$(inherited)",
				);
				GCC_WARN_64_TO_32_BIT_CONVERSION = YES;
				GCC_WARN_ABOUT_RETURN_TYPE = YES_ERROR;
				GCC_WARN_UNDECLARED_SELECTOR = YES;
				GCC_WARN_UNINITIALIZED_AUTOS = YES_AGGRESSIVE;
				GCC_WARN_UNUSED_FUNCTION = YES;
				GCC_WARN_UNUSED_VARIABLE = YES;
				IPHONEOS_DEPLOYMENT_TARGET = 15.5;
				MTL_ENABLE_DEBUG_INFO = INCLUDE_SOURCE;
				MTL_FAST_MATH = YES;
				ONLY_ACTIVE_ARCH = YES;
				SDKROOT = iphoneos;
				SWIFT_ACTIVE_COMPILATION_CONDITIONS = DEBUG;
				SWIFT_OPTIMIZATION_LEVEL = "-Onone";
			};
			name = Debug;
		};
		95B7F80B294F0D87006DF4FE /* Release */ = {
			isa = XCBuildConfiguration;
			buildSettings = {
				ALWAYS_SEARCH_USER_PATHS = NO;
				CLANG_ANALYZER_NONNULL = YES;
				CLANG_ANALYZER_NUMBER_OBJECT_CONVERSION = YES_AGGRESSIVE;
				CLANG_CXX_LANGUAGE_STANDARD = "gnu++17";
				CLANG_ENABLE_MODULES = YES;
				CLANG_ENABLE_OBJC_ARC = YES;
				CLANG_ENABLE_OBJC_WEAK = YES;
				CLANG_WARN_BLOCK_CAPTURE_AUTORELEASING = YES;
				CLANG_WARN_BOOL_CONVERSION = YES;
				CLANG_WARN_COMMA = YES;
				CLANG_WARN_CONSTANT_CONVERSION = YES;
				CLANG_WARN_DEPRECATED_OBJC_IMPLEMENTATIONS = YES;
				CLANG_WARN_DIRECT_OBJC_ISA_USAGE = YES_ERROR;
				CLANG_WARN_DOCUMENTATION_COMMENTS = YES;
				CLANG_WARN_EMPTY_BODY = YES;
				CLANG_WARN_ENUM_CONVERSION = YES;
				CLANG_WARN_INFINITE_RECURSION = YES;
				CLANG_WARN_INT_CONVERSION = YES;
				CLANG_WARN_NON_LITERAL_NULL_CONVERSION = YES;
				CLANG_WARN_OBJC_IMPLICIT_RETAIN_SELF = YES;
				CLANG_WARN_OBJC_LITERAL_CONVERSION = YES;
				CLANG_WARN_OBJC_ROOT_CLASS = YES_ERROR;
				CLANG_WARN_QUOTED_INCLUDE_IN_FRAMEWORK_HEADER = YES;
				CLANG_WARN_RANGE_LOOP_ANALYSIS = YES;
				CLANG_WARN_STRICT_PROTOTYPES = YES;
				CLANG_WARN_SUSPICIOUS_MOVE = YES;
				CLANG_WARN_UNGUARDED_AVAILABILITY = YES_AGGRESSIVE;
				CLANG_WARN_UNREACHABLE_CODE = YES;
				CLANG_WARN__DUPLICATE_METHOD_MATCH = YES;
				COPY_PHASE_STRIP = NO;
				DEBUG_INFORMATION_FORMAT = "dwarf-with-dsym";
				ENABLE_NS_ASSERTIONS = NO;
				ENABLE_STRICT_OBJC_MSGSEND = YES;
				GCC_C_LANGUAGE_STANDARD = gnu11;
				GCC_NO_COMMON_BLOCKS = YES;
				GCC_WARN_64_TO_32_BIT_CONVERSION = YES;
				GCC_WARN_ABOUT_RETURN_TYPE = YES_ERROR;
				GCC_WARN_UNDECLARED_SELECTOR = YES;
				GCC_WARN_UNINITIALIZED_AUTOS = YES_AGGRESSIVE;
				GCC_WARN_UNUSED_FUNCTION = YES;
				GCC_WARN_UNUSED_VARIABLE = YES;
				IPHONEOS_DEPLOYMENT_TARGET = 15.5;
				MTL_ENABLE_DEBUG_INFO = NO;
				MTL_FAST_MATH = YES;
				SDKROOT = iphoneos;
				SWIFT_COMPILATION_MODE = wholemodule;
				SWIFT_OPTIMIZATION_LEVEL = "-O";
				VALIDATE_PRODUCT = YES;
			};
			name = Release;
		};
		95B7F80D294F0D87006DF4FE /* Debug */ = {
			isa = XCBuildConfiguration;
			buildSettings = {
				ALWAYS_EMBED_SWIFT_STANDARD_LIBRARIES = YES;
				ASSETCATALOG_COMPILER_APPICON_NAME = AppIcon;
				ASSETCATALOG_COMPILER_GLOBAL_ACCENT_COLOR_NAME = AccentColor;
				CODE_SIGN_STYLE = Automatic;
				CURRENT_PROJECT_VERSION = 1;
				DEVELOPMENT_ASSET_PATHS = "\"WeatherApp/Preview Content\"";
				DEVELOPMENT_TEAM = T953MBS823;
				ENABLE_PREVIEWS = YES;
				GENERATE_INFOPLIST_FILE = YES;
				INFOPLIST_KEY_CFBundleDisplayName = "Rain Check";
				INFOPLIST_KEY_UIApplicationSceneManifest_Generation = YES;
				INFOPLIST_KEY_UIApplicationSupportsIndirectInputEvents = YES;
				INFOPLIST_KEY_UILaunchScreen_Generation = YES;
				INFOPLIST_KEY_UISupportedInterfaceOrientations = UIInterfaceOrientationPortrait;
				LD_RUNPATH_SEARCH_PATHS = (
					"$(inherited)",
					"@executable_path/Frameworks",
				);
				MARKETING_VERSION = 1.0;
				PRODUCT_BUNDLE_IDENTIFIER = net.wordscale.WeatherApp;
				PRODUCT_NAME = "$(TARGET_NAME)";
				SWIFT_EMIT_LOC_STRINGS = YES;
				SWIFT_VERSION = 5.0;
				TARGETED_DEVICE_FAMILY = "1,2";
			};
			name = Debug;
		};
		95B7F80E294F0D87006DF4FE /* Release */ = {
			isa = XCBuildConfiguration;
			buildSettings = {
				ALWAYS_EMBED_SWIFT_STANDARD_LIBRARIES = YES;
				ASSETCATALOG_COMPILER_APPICON_NAME = AppIcon;
				ASSETCATALOG_COMPILER_GLOBAL_ACCENT_COLOR_NAME = AccentColor;
				CODE_SIGN_STYLE = Automatic;
				CURRENT_PROJECT_VERSION = 1;
				DEVELOPMENT_ASSET_PATHS = "\"WeatherApp/Preview Content\"";
				DEVELOPMENT_TEAM = T953MBS823;
				ENABLE_PREVIEWS = YES;
				GENERATE_INFOPLIST_FILE = YES;
				INFOPLIST_KEY_CFBundleDisplayName = "Rain Check";
				INFOPLIST_KEY_UIApplicationSceneManifest_Generation = YES;
				INFOPLIST_KEY_UIApplicationSupportsIndirectInputEvents = YES;
				INFOPLIST_KEY_UILaunchScreen_Generation = YES;
				INFOPLIST_KEY_UISupportedInterfaceOrientations = UIInterfaceOrientationPortrait;
				LD_RUNPATH_SEARCH_PATHS = (
					"$(inherited)",
					"@executable_path/Frameworks",
				);
				MARKETING_VERSION = 1.0;
				PRODUCT_BUNDLE_IDENTIFIER = net.wordscale.WeatherApp;
				PRODUCT_NAME = "$(TARGET_NAME)";
				SWIFT_EMIT_LOC_STRINGS = YES;
				SWIFT_VERSION = 5.0;
				TARGETED_DEVICE_FAMILY = "1,2";
			};
			name = Release;
		};
		FA9BA5E42C9E932300DB9A1F /* Debug */ = {
			isa = XCBuildConfiguration;
			buildSettings = {
				ASSETCATALOG_COMPILER_GENERATE_SWIFT_ASSET_SYMBOL_EXTENSIONS = YES;
				ASSETCATALOG_COMPILER_GLOBAL_ACCENT_COLOR_NAME = AccentColor;
				ASSETCATALOG_COMPILER_WIDGET_BACKGROUND_COLOR_NAME = WidgetBackground;
				CLANG_CXX_LANGUAGE_STANDARD = "gnu++20";
				CODE_SIGN_STYLE = Automatic;
				CURRENT_PROJECT_VERSION = 1;
				DEVELOPMENT_TEAM = T953MBS823;
				ENABLE_USER_SCRIPT_SANDBOXING = YES;
				GCC_C_LANGUAGE_STANDARD = gnu17;
				GENERATE_INFOPLIST_FILE = YES;
				INFOPLIST_FILE = WeatherWidget/Info.plist;
				INFOPLIST_KEY_CFBundleDisplayName = WeatherWidget;
				INFOPLIST_KEY_NSHumanReadableCopyright = "";
				IPHONEOS_DEPLOYMENT_TARGET = 17.5;
				LD_RUNPATH_SEARCH_PATHS = (
					"$(inherited)",
					"@executable_path/Frameworks",
					"@executable_path/../../Frameworks",
				);
				LOCALIZATION_PREFERS_STRING_CATALOGS = YES;
				MARKETING_VERSION = 1.0;
				PRODUCT_BUNDLE_IDENTIFIER = net.wordscale.WeatherApp.WeatherWidget;
				PRODUCT_NAME = "$(TARGET_NAME)";
				SKIP_INSTALL = YES;
				SWIFT_ACTIVE_COMPILATION_CONDITIONS = "DEBUG $(inherited)";
				SWIFT_EMIT_LOC_STRINGS = YES;
				SWIFT_VERSION = 5.0;
				TARGETED_DEVICE_FAMILY = "1,2";
			};
			name = Debug;
		};
		FA9BA5E52C9E932300DB9A1F /* Release */ = {
			isa = XCBuildConfiguration;
			buildSettings = {
				ASSETCATALOG_COMPILER_GENERATE_SWIFT_ASSET_SYMBOL_EXTENSIONS = YES;
				ASSETCATALOG_COMPILER_GLOBAL_ACCENT_COLOR_NAME = AccentColor;
				ASSETCATALOG_COMPILER_WIDGET_BACKGROUND_COLOR_NAME = WidgetBackground;
				CLANG_CXX_LANGUAGE_STANDARD = "gnu++20";
				CODE_SIGN_STYLE = Automatic;
				CURRENT_PROJECT_VERSION = 1;
				DEVELOPMENT_TEAM = T953MBS823;
				ENABLE_USER_SCRIPT_SANDBOXING = YES;
				GCC_C_LANGUAGE_STANDARD = gnu17;
				GENERATE_INFOPLIST_FILE = YES;
				INFOPLIST_FILE = WeatherWidget/Info.plist;
				INFOPLIST_KEY_CFBundleDisplayName = WeatherWidget;
				INFOPLIST_KEY_NSHumanReadableCopyright = "";
				IPHONEOS_DEPLOYMENT_TARGET = 17.5;
				LD_RUNPATH_SEARCH_PATHS = (
					"$(inherited)",
					"@executable_path/Frameworks",
					"@executable_path/../../Frameworks",
				);
				LOCALIZATION_PREFERS_STRING_CATALOGS = YES;
				MARKETING_VERSION = 1.0;
				PRODUCT_BUNDLE_IDENTIFIER = net.wordscale.WeatherApp.WeatherWidget;
				PRODUCT_NAME = "$(TARGET_NAME)";
				SKIP_INSTALL = YES;
				SWIFT_EMIT_LOC_STRINGS = YES;
				SWIFT_VERSION = 5.0;
				TARGETED_DEVICE_FAMILY = "1,2";
			};
			name = Release;
		};
/* End XCBuildConfiguration section */

/* Begin XCConfigurationList section */
		95B7F7F9294F0D84006DF4FE /* Build configuration list for PBXProject "WeatherApp" */ = {
			isa = XCConfigurationList;
			buildConfigurations = (
				95B7F80A294F0D87006DF4FE /* Debug */,
				95B7F80B294F0D87006DF4FE /* Release */,
			);
			defaultConfigurationIsVisible = 0;
			defaultConfigurationName = Release;
		};
		95B7F80C294F0D87006DF4FE /* Build configuration list for PBXNativeTarget "WeatherApp" */ = {
			isa = XCConfigurationList;
			buildConfigurations = (
				95B7F80D294F0D87006DF4FE /* Debug */,
				95B7F80E294F0D87006DF4FE /* Release */,
			);
			defaultConfigurationIsVisible = 0;
			defaultConfigurationName = Release;
		};
		FA9BA5E32C9E932300DB9A1F /* Build configuration list for PBXNativeTarget "WeatherWidgetExtension" */ = {
			isa = XCConfigurationList;
			buildConfigurations = (
				FA9BA5E42C9E932300DB9A1F /* Debug */,
				FA9BA5E52C9E932300DB9A1F /* Release */,
			);
			defaultConfigurationIsVisible = 0;
			defaultConfigurationName = Release;
		};
/* End XCConfigurationList section */
	};
	rootObject = 95B7F7F6294F0D84006DF4FE /* Project object */;
}
